{
  "nodes": {
    "anthropics-skills": {
      "flake": false,
      "locked": {
        "lastModified": 1779199866,
        "narHash": "sha256-GMXFJSePrpEvhzMQ82YI9Z10BDkuFK/lXUDELclvQ4c=",
        "owner": "anthropics",
        "repo": "skills",
        "rev": "690f15cac7f7b4c055c5ab109c79ed9259934081",
        "type": "github"
      },
      "original": {
        "owner": "anthropics",
        "repo": "skills",
        "type": "github"
      }
    },
    "antigravity": {
      "inputs": {
        "antigravity-sdk-src": "antigravity-sdk-src",
        "flake-parts": "flake-parts",
        "git-hooks-nix": "git-hooks-nix",
        "nixpkgs": [
          "nixpkgs"
        ]
      },
      "locked": {
        "lastModified": 1780356312,
        "narHash": "sha256-TAx7UGITPrf0qYdEBXsXV+ee9yIU68LvOIJGdqp8diU=",
        "owner": "zms-dev",
        "repo": "antigravity-flake",
        "rev": "416c7125c0b169b9827f800d8bb3b791c43e30f4",
        "type": "github"
      },
      "original": {
        "owner": "zms-dev",
        "ref": "dev",
        "repo": "antigravity-flake",
        "type": "github"
      }
    },
    "antigravity-sdk-src": {
      "flake": false,
      "locked": {
        "lastModified": 1779316824,
        "narHash": "sha256-HBJAWogzE+Km5oP+H2Zmwb6PF9ILLFB3esGZ55TOT6U=",
        "owner": "google-antigravity",
        "repo": "antigravity-sdk-python",
        "rev": "f95239fe241cc910c9b73f1eeba66f89dc6e242d",
        "type": "github"
      },
      "original": {
        "owner": "google-antigravity",
        "repo": "antigravity-sdk-python",
        "rev": "f95239fe241cc910c9b73f1eeba66f89dc6e242d",
        "type": "github"
      }
    },
    "base16": {
      "inputs": {
        "fromYaml": "fromYaml"
      },
      "locked": {
        "lastModified": 1755819240,
        "narHash": "sha256-qcMhnL7aGAuFuutH4rq9fvAhCpJWVHLcHVZLtPctPlo=",
        "owner": "SenchoPens",
        "repo": "base16.nix",
        "rev": "75ed5e5e3fce37df22e49125181fa37899c3ccd6",
        "type": "github"
      },
      "original": {
        "owner": "SenchoPens",
        "repo": "base16.nix",
        "type": "github"
      }
    },
    "base16-fish": {
      "flake": false,
      "locked": {
        "lastModified": 1765809053,
        "narHash": "sha256-XCUQLoLfBJ8saWms2HCIj4NEN+xNsWBlU1NrEPcQG4s=",
        "owner": "tomyun",
        "repo": "base16-fish",
        "rev": "86cbea4dca62e08fb7fd83a70e96472f92574782",
        "type": "github"
      },
      "original": {
        "owner": "tomyun",
        "repo": "base16-fish",
        "rev": "86cbea4dca62e08fb7fd83a70e96472f92574782",
        "type": "github"
      }
    },
    "base16-helix": {
      "flake": false,
      "locked": {
        "lastModified": 1776754714,
        "narHash": "sha256-E3OAK27smtATTmX45uoTSRsVD+Y+ZiVVfgM/tjpbtYg=",
        "owner": "tinted-theming",
        "repo": "base16-helix",
        "rev": "4d508123037e7851ad36ebf7d9c48b0e9e1eb581",
        "type": "github"
      },
      "original": {
        "owner": "tinted-theming",
        "repo": "base16-helix",
        "type": "github"
      }
    },
    "base16-vim": {
      "flake": false,
      "locked": {
        "lastModified": 1732806396,
        "narHash": "sha256-e0bpPySdJf0F68Ndanwm+KWHgQiZ0s7liLhvJSWDNsA=",
        "owner": "tinted-theming",
        "repo": "base16-vim",
        "rev": "577fe8125d74ff456cf942c733a85d769afe58b7",
        "type": "github"
      },
      "original": {
        "owner": "tinted-theming",
        "repo": "base16-vim",
        "rev": "577fe8125d74ff456cf942c733a85d769afe58b7",
        "type": "github"
      }
    },
    "caveman": {
      "flake": false,
      "locked": {
        "lastModified": 1779273824,
        "narHash": "sha256-BydREt/vai3j7kO5+e1OxsjXf6Vy+jSY1yA/yyxjHbI=",
        "owner": "JuliusBrussee",
        "repo": "caveman",
        "rev": "655b7d9c5431f822264b7732e9901c5578ac84cf",
        "type": "github"
      },
      "original": {
        "owner": "JuliusBrussee",
        "repo": "caveman",
        "type": "github"
      }
    },
    "claude-code": {
      "inputs": {
        "flake-utils": "flake-utils",
        "nixpkgs": "nixpkgs"
      },
      "locked": {
        "lastModified": 1779510126,
        "narHash": "sha256-AN19hN63A3nuuUsOo42dERR/fmMt/rSEqNc1F3xjpAs=",
        "owner": "sadjow",
        "repo": "claude-code-nix",
        "rev": "304b96c0998c76633bacbb44daa6a5de40f92273",
        "type": "github"
      },
      "original": {
        "owner": "sadjow",
        "repo": "claude-code-nix",
        "type": "github"
      }
    },
    "claude-plugins": {
      "flake": false,
      "locked": {
        "lastModified": 1779659326,
        "narHash": "sha256-zKNCeUQoCVZaJfP+eVmFD9G6du8Iu8p7TZPBcdF3ujs=",
        "owner": "anthropics",
        "repo": "claude-plugins-official",
        "rev": "1b527e2ee74e6dbd198e22cd41701c3b6f47dfec",
        "type": "github"
      },
      "original": {
        "owner": "anthropics",
        "repo": "claude-plugins-official",
        "type": "github"
      }
    },
    "den": {
      "locked": {
        "lastModified": 1779693278,
        "narHash": "sha256-Er/DjUx8O/pOmyF9+u8MBLim4ZwMKCgbkEkAOh5oxS4=",
        "owner": "vic",
        "repo": "den",
        "rev": "0b250e179282832e7ba9b7f95ffb8e6b87a973fe",
        "type": "github"
      },
      "original": {
        "owner": "vic",
        "repo": "den",
        "type": "github"
      }
    },
    "disko": {
      "inputs": {
        "nixpkgs": [
          "nixpkgs"
        ]
      },
      "locked": {
        "lastModified": 1768920986,
        "narHash": "sha256-CNzzBsRhq7gg4BMBuTDObiWDH/rFYHEuDRVOwCcwXw4=",
        "owner": "nix-community",
        "repo": "disko",
        "rev": "de5708739256238fb912c62f03988815db89ec9a",
        "type": "github"
      },
      "original": {
        "owner": "nix-community",
        "ref": "latest",
        "repo": "disko",
        "type": "github"
      }
    },
    "firefox-addons": {
      "inputs": {
        "nixpkgs": [
          "nixpkgs"
        ]
      },
      "locked": {
        "dir": "pkgs/firefox-addons",
        "lastModified": 1779681769,
        "narHash": "sha256-GJEtd8O8wDePHsTESQ+bk2Z8vnbPdJSyXcWrEd3eQss=",
        "owner": "rycee",
        "repo": "nur-expressions",
        "rev": "55e2ec35f212e5740b0e6593fd6a3d859dc923ac",
        "type": "gitlab"
      },
      "original": {
        "dir": "pkgs/firefox-addons",
        "owner": "rycee",
        "repo": "nur-expressions",
        "type": "gitlab"
      }
    },
    "firefox-gnome-theme": {
      "flake": false,
      "locked": {
        "lastModified": 1776136500,
        "narHash": "sha256-r0gN2brVWA351zwMV0Flmlcd6SGMvYqFbvC3DfKFM8Y=",
        "owner": "rafaelmardojai",
        "repo": "firefox-gnome-theme",
        "rev": "0f8ba203d475587f477e7ae12661bd8459e225b7",
        "type": "github"
      },
      "original": {
        "owner": "rafaelmardojai",
        "repo": "firefox-gnome-theme",
        "type": "github"
      }
    },
    "flake-compat": {
      "flake": false,
      "locked": {
        "lastModified": 1767039857,
        "narHash": "sha256-vNpUSpF5Nuw8xvDLj2KCwwksIbjua2LZCqhV1LNRDns=",
        "owner": "NixOS",
        "repo": "flake-compat",
        "rev": "5edf11c44bc78a0d334f6334cdaf7d60d732daab",
        "type": "github"
      },
      "original": {
        "owner": "NixOS",
        "repo": "flake-compat",
        "type": "github"
      }
    },
    "flake-compat_2": {
      "flake": false,
      "locked": {
        "lastModified": 1767039857,
        "narHash": "sha256-vNpUSpF5Nuw8xvDLj2KCwwksIbjua2LZCqhV1LNRDns=",
        "owner": "NixOS",
        "repo": "flake-compat",
        "rev": "5edf11c44bc78a0d334f6334cdaf7d60d732daab",
        "type": "github"
      },
      "original": {
        "owner": "NixOS",
        "repo": "flake-compat",
        "type": "github"
      }
    },
    "flake-file": {
      "locked": {
        "lastModified": 1779051720,
        "narHash": "sha256-+jbXnODsR19pFKB0x/6kHhFgW6yV6N+CGClFr45eDU8=",
        "owner": "vic",
        "repo": "flake-file",
        "rev": "c58eb27d9434e5be0c8693f1eb18d47035bc21ba",
        "type": "github"
      },
      "original": {
        "owner": "vic",
        "repo": "flake-file",
        "type": "github"
      }
    },
    "flake-parts": {
      "inputs": {
        "nixpkgs-lib": "nixpkgs-lib"
      },
      "locked": {
        "lastModified": 1778716662,
        "narHash": "sha256-m1Yf0wZ8j1OHjTc2UwHwyQRSnNeSgLJOd7q5Y45hzi4=",
        "owner": "hercules-ci",
        "repo": "flake-parts",
        "rev": "f7c1a2d347e4c52d5fb8d10cb4d94b5884e546fb",
        "type": "github"
      },
      "original": {
        "owner": "hercules-ci",
        "repo": "flake-parts",
        "type": "github"
      }
    },
    "flake-parts_2": {
      "inputs": {
        "nixpkgs-lib": [
          "nixpkgs"
        ]
      },
      "locked": {
        "lastModified": 1778716662,
        "narHash": "sha256-m1Yf0wZ8j1OHjTc2UwHwyQRSnNeSgLJOd7q5Y45hzi4=",
        "owner": "hercules-ci",
        "repo": "flake-parts",
        "rev": "f7c1a2d347e4c52d5fb8d10cb4d94b5884e546fb",
        "type": "github"
      },
      "original": {
        "owner": "hercules-ci",
        "repo": "flake-parts",
        "type": "github"
      }
    },
    "flake-parts_3": {
      "inputs": {
        "nixpkgs-lib": [
          "stylix",
          "nixpkgs"
        ]
      },
      "locked": {
        "lastModified": 1775087534,
        "narHash": "sha256-91qqW8lhL7TLwgQWijoGBbiD4t7/q75KTi8NxjVmSmA=",
        "owner": "hercules-ci",
        "repo": "flake-parts",
        "rev": "3107b77cd68437b9a76194f0f7f9c55f2329ca5b",
        "type": "github"
      },
      "original": {
        "owner": "hercules-ci",
        "repo": "flake-parts",
        "type": "github"
      }
    },
    "flake-utils": {
      "inputs": {
        "systems": "systems"
      },
      "locked": {
        "lastModified": 1731533236,
        "narHash": "sha256-l0KFg5HjrsfsO/JpG+r7fRrqm12kzFHyUHqHCVpMMbI=",
        "owner": "numtide",
        "repo": "flake-utils",
        "rev": "11707dc2f618dd54ca8739b309ec4fc024de578b",
        "type": "github"
      },
      "original": {
        "owner": "numtide",
        "repo": "flake-utils",
        "type": "github"
      }
    },
    "fromYaml": {
      "flake": false,
      "locked": {
        "lastModified": 1731966426,
        "narHash": "sha256-lq95WydhbUTWig/JpqiB7oViTcHFP8Lv41IGtayokA8=",
        "owner": "SenchoPens",
        "repo": "fromYaml",
        "rev": "106af9e2f715e2d828df706c386a685698f3223b",
        "type": "github"
      },
      "original": {
        "owner": "SenchoPens",
        "repo": "fromYaml",
        "type": "github"
      }
    },
    "git-hooks-nix": {
      "inputs": {
        "flake-compat": "flake-compat",
        "gitignore": "gitignore",
        "nixpkgs": [
          "antigravity",
          "nixpkgs"
        ]
      },
      "locked": {
        "lastModified": 1778507602,
        "narHash": "sha256-kTwur1wV+01SdqskVMSo6JMEpg71ps3HpbFY2GsflKs=",
        "owner": "cachix",
        "repo": "git-hooks.nix",
        "rev": "61ab0e80d9c7ab14c256b5b453d8b3fb0189ba0a",
        "type": "github"
      },
      "original": {
        "owner": "cachix",
        "repo": "git-hooks.nix",
        "type": "github"
      }
    },
    "git-hooks-nix_2": {
      "inputs": {
        "flake-compat": "flake-compat_2",
        "gitignore": "gitignore_2",
        "nixpkgs": [
          "nixpkgs"
        ]
      },
      "locked": {
        "lastModified": 1778507602,
        "narHash": "sha256-kTwur1wV+01SdqskVMSo6JMEpg71ps3HpbFY2GsflKs=",
        "owner": "cachix",
        "repo": "git-hooks.nix",
        "rev": "61ab0e80d9c7ab14c256b5b453d8b3fb0189ba0a",
        "type": "github"
      },
      "original": {
        "owner": "cachix",
        "repo": "git-hooks.nix",
        "type": "github"
      }
    },
    "gitignore": {
      "inputs": {
        "nixpkgs": [
          "antigravity",
          "git-hooks-nix",
          "nixpkgs"
        ]
      },
      "locked": {
        "lastModified": 1709087332,
        "narHash": "sha256-HG2cCnktfHsKV0s4XW83gU3F57gaTljL9KNSuG6bnQs=",
        "owner": "hercules-ci",
        "repo": "gitignore.nix",
        "rev": "637db329424fd7e46cf4185293b9cc8c88c95394",
        "type": "github"
      },
      "original": {
        "owner": "hercules-ci",
        "repo": "gitignore.nix",
        "type": "github"
      }
    },
    "gitignore_2": {
      "inputs": {
        "nixpkgs": [
          "git-hooks-nix",
          "nixpkgs"
        ]
      },
      "locked": {
        "lastModified": 1709087332,
        "narHash": "sha256-HG2cCnktfHsKV0s4XW83gU3F57gaTljL9KNSuG6bnQs=",
        "owner": "hercules-ci",
        "repo": "gitignore.nix",
        "rev": "637db329424fd7e46cf4185293b9cc8c88c95394",
        "type": "github"
      },
      "original": {
        "owner": "hercules-ci",
        "repo": "gitignore.nix",
        "type": "github"
      }
    },
    "gnome-shell": {
      "flake": false,
      "locked": {
        "lastModified": 1767737596,
        "narHash": "sha256-eFujfIUQDgWnSJBablOuG+32hCai192yRdrNHTv0a+s=",
        "owner": "GNOME",
        "repo": "gnome-shell",
        "rev": "ef02db02bf0ff342734d525b5767814770d85b49",
        "type": "github"
      },
      "original": {
        "owner": "GNOME",
        "repo": "gnome-shell",
        "rev": "ef02db02bf0ff342734d525b5767814770d85b49",
        "type": "github"
      }
    },
    "home-manager": {
      "inputs": {
        "nixpkgs": [
          "nixpkgs"
        ]
      },
      "locked": {
        "lastModified": 1779726696,
        "narHash": "sha256-/p37CB5n6Wpw250b0Lq0CYwNq2D8uGKzDoBulyLcQqA=",
        "owner": "nix-community",
        "repo": "home-manager",
        "rev": "1a95e2efb477959b70b4a14c51035975c0481df6",
        "type": "github"
      },
      "original": {
        "owner": "nix-community",
        "repo": "home-manager",
        "type": "github"
      }
    },
    "impermanence": {
      "inputs": {
        "home-manager": [
          "home-manager"
        ],
        "nixpkgs": [
          "nixpkgs"
        ]
      },
      "locked": {
        "lastModified": 1769548169,
        "narHash": "sha256-03+JxvzmfwRu+5JafM0DLbxgHttOQZkUtDWBmeUkN8Y=",
        "owner": "nix-community",
        "repo": "impermanence",
        "rev": "7b1d382faf603b6d264f58627330f9faa5cba149",
        "type": "github"
      },
      "original": {
        "owner": "nix-community",
        "repo": "impermanence",
        "type": "github"
      }
    },
    "import-tree": {
      "locked": {
        "lastModified": 1778781969,
        "narHash": "sha256-Jjuz5CmSkur8KvLDoGa+vylEp+RkQtv4mt/qcMznpH0=",
        "owner": "vic",
        "repo": "import-tree",
        "rev": "d321337efd0f23a9eb14a42adb7b2c29313ab274",
        "type": "github"
      },
      "original": {
        "owner": "vic",
        "repo": "import-tree",
        "type": "github"
      }
    },
    "matt-pocock-skills": {
      "flake": false,
      "locked": {
        "lastModified": 1779266813,
        "narHash": "sha256-Qwuu27f95xgAJ4hdv/4TNahHhprCMIxl1H9f9ymEsno=",
        "owner": "mattpocock",
        "repo": "skills",
        "rev": "b8be62ffacb0118fa3eaa29a0923c87c8c11985c",
        "type": "github"
      },
      "original": {
        "owner": "mattpocock",
        "repo": "skills",
        "type": "github"
      }
    },
    "mcp-servers-nix": {
      "inputs": {
        "nixpkgs": [
          "nixpkgs"
        ]
      },
      "locked": {
        "lastModified": 1779593971,
        "narHash": "sha256-QBmd5JvM3vRG3ufrIYWj0o44uRW0pqAqGJq0R3knWi8=",
        "owner": "natsukium",
        "repo": "mcp-servers-nix",
        "rev": "c466414722432c19ced6e1321db09837993a0757",
        "type": "github"
      },
      "original": {
        "owner": "natsukium",
        "repo": "mcp-servers-nix",
        "type": "github"
      }
    },
    "niri-flake": {
      "inputs": {
        "niri-stable": "niri-stable",
        "niri-unstable": "niri-unstable",
        "nixpkgs": [
          "nixpkgs"
        ],
        "nixpkgs-stable": "nixpkgs-stable",
        "xwayland-satellite-stable": "xwayland-satellite-stable",
        "xwayland-satellite-unstable": "xwayland-satellite-unstable"
      },
      "locked": {
        "lastModified": 1779748545,
        "narHash": "sha256-AbRQrrpcNTBUoIf7Kc1qsdhsRLtZ0DDw+udm+8NWlJk=",
        "owner": "sodiboo",
        "repo": "niri-flake",
        "rev": "3754a033e05c750ef46fe4f078d79b826c4f9287",
        "type": "github"
      },
      "original": {
        "owner": "sodiboo",
        "repo": "niri-flake",
        "type": "github"
      }
    },
    "niri-stable": {
      "flake": false,
      "locked": {
        "lastModified": 1756556321,
        "narHash": "sha256-RLD89dfjN0RVO86C/Mot0T7aduCygPGaYbog566F0Qo=",
        "owner": "YaLTeR",
        "repo": "niri",
        "rev": "01be0e65f4eb91a9cd624ac0b76aaeab765c7294",
        "type": "github"
      },
      "original": {
        "owner": "YaLTeR",
        "ref": "v25.08",
        "repo": "niri",
        "type": "github"
      }
    },
    "niri-unstable": {
      "flake": false,
      "locked": {
        "lastModified": 1779374863,
        "narHash": "sha256-qKWgJ2MUODpg+b8tOwWMdMKREvs8TdGBz63SHaQZCeA=",
        "owner": "YaLTeR",
        "repo": "niri",
        "rev": "4294948cf1c70c50e938383c2c865d7ca455ac7e",
        "type": "github"
      },
      "original": {
        "owner": "YaLTeR",
        "repo": "niri",
        "type": "github"
      }
    },
    "nixpkgs": {
      "locked": {
        "lastModified": 1779414690,
        "narHash": "sha256-gOTcX/9MZVMUE0Xvb4IEcv+0TQJkZFNEnL757ljU360=",
        "owner": "NixOS",
        "repo": "nixpkgs",
        "rev": "6dedf69f94d03cbe7bdde106f2d4c23ae2a853bf",
        "type": "github"
      },
      "original": {
        "owner": "NixOS",
        "ref": "nixpkgs-unstable",
        "repo": "nixpkgs",
        "type": "github"
      }
    },
    "nixpkgs-lib": {
      "locked": {
        "lastModified": 1777168982,
        "narHash": "sha256-GOkGPcboWE9BmGCRMLX3worL4EMnsnG8MyKmXNeYuhQ=",
        "owner": "nix-community",
        "repo": "nixpkgs.lib",
        "rev": "f5901329dade4a6ea039af1433fb087bd9c1fe14",
        "type": "github"
      },
      "original": {
        "owner": "nix-community",
        "repo": "nixpkgs.lib",
        "type": "github"
      }
    },
    "nixpkgs-stable": {
      "locked": {
        "lastModified": 1779467186,
        "narHash": "sha256-nOesoDCiXcUftqbRBMz9tt4blI5PvljMWbm3kuCA+0s=",
        "owner": "NixOS",
        "repo": "nixpkgs",
        "rev": "b77b3de8775677f84492abe84635f87b0e153f0f",
        "type": "github"
      },
      "original": {
        "owner": "NixOS",
        "ref": "nixos-25.11",
        "repo": "nixpkgs",
        "type": "github"
      }
    },
    "nixpkgs_2": {
      "locked": {
        "lastModified": 1779560665,
        "narHash": "sha256-tpyBcxPpcQb8ukyNF7DoCwfSY3VPsxHoYwj00Cayv5o=",
        "owner": "NixOS",
        "repo": "nixpkgs",
        "rev": "64c08a7ca051951c8eae34e3e3cb1e202fe36786",
        "type": "github"
      },
      "original": {
        "owner": "NixOS",
        "ref": "nixos-unstable",
        "repo": "nixpkgs",
        "type": "github"
      }
    },
    "nixpkgs_3": {
      "locked": {
        "lastModified": 1761236834,
        "narHash": "sha256-+pthv6hrL5VLW2UqPdISGuLiUZ6SnAXdd2DdUE+fV2Q=",
        "owner": "nixos",
        "repo": "nixpkgs",
        "rev": "d5faa84122bc0a1fd5d378492efce4e289f8eac1",
        "type": "github"
      },
      "original": {
        "owner": "nixos",
        "ref": "nixpkgs-unstable",
        "repo": "nixpkgs",
        "type": "github"
      }
    },
    "nixvim": {
      "inputs": {
        "flake-parts": [
          "flake-parts"
        ],
        "nixpkgs": [
          "nixpkgs"
        ],
        "systems": "systems_2"
      },
      "locked": {
        "lastModified": 1779683452,
        "narHash": "sha256-Ksx8jghpDBCPDiTaTyGhYUXG1BUwqPjf5pajl0q0cqA=",
        "owner": "nix-community",
        "repo": "nixvim",
        "rev": "afec1bae0e6f7983a5c03ec559f7ed2ec0e714a9",
        "type": "github"
      },
      "original": {
        "owner": "nix-community",
        "repo": "nixvim",
        "type": "github"
      }
    },
    "nur": {
      "inputs": {
        "flake-parts": [
          "stylix",
          "flake-parts"
        ],
        "nixpkgs": [
          "stylix",
          "nixpkgs"
        ]
      },
      "locked": {
        "lastModified": 1777598946,
        "narHash": "sha256-X239dAGaU1+gfDj8jKH8GzlqKMcxaVfXOio+uzBOkeE=",
        "owner": "nix-community",
        "repo": "NUR",
        "rev": "5d55af01c0f86be583931fe99207fc56c14134b3",
        "type": "github"
      },
      "original": {
        "owner": "nix-community",
        "repo": "NUR",
        "type": "github"
      }
    },
    "qml-niri": {
      "inputs": {
        "flake-parts": [
          "flake-parts"
        ],
        "nixpkgs": [
          "nixpkgs"
        ],
        "quickshell": [
          "quickshell"
        ],
        "treefmt-nix": "treefmt-nix"
      },
      "locked": {
        "lastModified": 1779543798,
        "narHash": "sha256-zctPSgB8TtSeV5wUDfQ11J5FeFQTfSIVA8AR3Hvz06M=",
        "owner": "imiric",
        "repo": "qml-niri",
        "rev": "8c78061f9e056f3414d2ede3c6df89b4f8c1a294",
        "type": "github"
      },
      "original": {
        "owner": "imiric",
        "ref": "main",
        "repo": "qml-niri",
        "type": "github"
      }
    },
    "quickshell": {
      "inputs": {
        "nixpkgs": [
          "nixpkgs"
        ]
      },
      "locked": {
        "lastModified": 1779430452,
        "narHash": "sha256-zTslhsxLqUlRTML506iougTGzyR38Fzhzn7t4KDEuuE=",
        "ref": "refs/heads/master",
        "rev": "4b4fca3224ab977dc515ac0bb78d00b3dfa71e00",
        "revCount": 819,
        "type": "git",
        "url": "https://git.outfoxxed.me/outfoxxed/quickshell"
      },
      "original": {
        "type": "git",
        "url": "https://git.outfoxxed.me/outfoxxed/quickshell"
      }
    },
    "root": {
      "inputs": {
        "anthropics-skills": "anthropics-skills",
        "antigravity": "antigravity",
        "caveman": "caveman",
        "claude-code": "claude-code",
        "claude-plugins": "claude-plugins",
        "den": "den",
        "disko": "disko",
        "firefox-addons": "firefox-addons",
        "flake-file": "flake-file",
        "flake-parts": "flake-parts_2",
        "git-hooks-nix": "git-hooks-nix_2",
        "home-manager": "home-manager",
        "impermanence": "impermanence",
        "import-tree": "import-tree",
        "matt-pocock-skills": "matt-pocock-skills",
        "mcp-servers-nix": "mcp-servers-nix",
        "niri-flake": "niri-flake",
        "nixpkgs": "nixpkgs_2",
        "nixvim": "nixvim",
        "qml-niri": "qml-niri",
        "quickshell": "quickshell",
        "sops-nix": "sops-nix",
        "stylix": "stylix",
        "tabline-wez": "tabline-wez"
      }
    },
    "sops-nix": {
      "inputs": {
        "nixpkgs": [
          "nixpkgs"
        ]
      },
      "locked": {
        "lastModified": 1777944972,
        "narHash": "sha256-VfGRo1qTBKOe3s2gOv8LSoA6Fk19PvBlwQ1ECN0Evn8=",
        "owner": "Mic92",
        "repo": "sops-nix",
        "rev": "c591bf665727040c6cc5cb409079acb22dcce33c",
        "type": "github"
      },
      "original": {
        "owner": "Mic92",
        "repo": "sops-nix",
        "type": "github"
      }
    },
    "stylix": {
      "inputs": {
        "base16": "base16",
        "base16-fish": "base16-fish",
        "base16-helix": "base16-helix",
        "base16-vim": "base16-vim",
        "firefox-gnome-theme": "firefox-gnome-theme",
        "flake-parts": "flake-parts_3",
        "gnome-shell": "gnome-shell",
        "nixpkgs": [
          "nixpkgs"
        ],
        "nur": "nur",
        "systems": "systems_3",
        "tinted-kitty": "tinted-kitty",
        "tinted-schemes": "tinted-schemes",
        "tinted-tmux": "tinted-tmux",
        "tinted-zed": "tinted-zed"
      },
      "locked": {
        "lastModified": 1779378391,
        "narHash": "sha256-IsDb9erotvx9npI94UDosvMeYQK17p7/vmU2v9batrY=",
        "owner": "nix-community",
        "repo": "stylix",
        "rev": "c1456cc4ba3c9485e7b4158c909eeca5a752cd59",
        "type": "github"
      },
      "original": {
        "owner": "nix-community",
        "repo": "stylix",
        "type": "github"
      }
    },
    "systems": {
      "locked": {
        "lastModified": 1681028828,
        "narHash": "sha256-Vy1rq5AaRuLzOxct8nz4T6wlgyUR7zLU309k9mBC768=",
        "owner": "nix-systems",
        "repo": "default",
        "rev": "da67096a3b9bf56a91d16901293e51ba5b49a27e",
        "type": "github"
      },
      "original": {
        "owner": "nix-systems",
        "repo": "default",
        "type": "github"
      }
    },
    "systems_2": {
      "locked": {
        "lastModified": 1681028828,
        "narHash": "sha256-Vy1rq5AaRuLzOxct8nz4T6wlgyUR7zLU309k9mBC768=",
        "owner": "nix-systems",
        "repo": "default",
        "rev": "da67096a3b9bf56a91d16901293e51ba5b49a27e",
        "type": "github"
      },
      "original": {
        "owner": "nix-systems",
        "repo": "default",
        "type": "github"
      }
    },
    "systems_3": {
      "locked": {
        "lastModified": 1681028828,
        "narHash": "sha256-Vy1rq5AaRuLzOxct8nz4T6wlgyUR7zLU309k9mBC768=",
        "owner": "nix-systems",
        "repo": "default",
        "rev": "da67096a3b9bf56a91d16901293e51ba5b49a27e",
        "type": "github"
      },
      "original": {
        "owner": "nix-systems",
        "repo": "default",
        "type": "github"
      }
    },
    "tabline-wez": {
      "flake": false,
      "locked": {
        "lastModified": 1771026031,
        "narHash": "sha256-G5sFPIJ2SDLKjeiuauJfzu3JgvViwoe9RLhYAScaHbs=",
        "owner": "michaelbrusegard",
        "repo": "tabline.wez",
        "rev": "5e148f08f134e317bbfe75b26f8a23b0102cb621",
        "type": "github"
      },
      "original": {
        "owner": "michaelbrusegard",
        "repo": "tabline.wez",
        "type": "github"
      }
    },
    "tinted-kitty": {
      "flake": false,
      "locked": {
        "lastModified": 1735730497,
        "narHash": "sha256-4KtB+FiUzIeK/4aHCKce3V9HwRvYaxX+F1edUrfgzb8=",
        "owner": "tinted-theming",
        "repo": "tinted-kitty",
        "rev": "de6f888497f2c6b2279361bfc790f164bfd0f3fa",
        "type": "github"
      },
      "original": {
        "owner": "tinted-theming",
        "repo": "tinted-kitty",
        "type": "github"
      }
    },
    "tinted-schemes": {
      "flake": false,
      "locked": {
        "lastModified": 1777041405,
        "narHash": "sha256-BAGZ7ObFV/9Z61OJZun7ifPyhkuHqNuW1QIhQ8LuzCo=",
        "owner": "tinted-theming",
        "repo": "schemes",
        "rev": "5f868b3a338b6904c47f3833b9c411be641983a8",
        "type": "github"
      },
      "original": {
        "owner": "tinted-theming",
        "repo": "schemes",
        "type": "github"
      }
    },
    "tinted-tmux": {
      "flake": false,
      "locked": {
        "lastModified": 1777169200,
        "narHash": "sha256-h7dDbIzP5hDr9v97w9PL6jdAgXawmj6krcH+959rqpU=",
        "owner": "tinted-theming",
        "repo": "tinted-tmux",
        "rev": "f798c2dce44ef815bb6b8f05a82135c7942d35ac",
        "type": "github"
      },
      "original": {
        "owner": "tinted-theming",
        "repo": "tinted-tmux",
        "type": "github"
      }
    },
    "tinted-zed": {
      "flake": false,
      "locked": {
        "lastModified": 1777463218,
        "narHash": "sha256-Bhkozqtq3BKLqWTlmKm8uAptfX4aRGI8QX3eEL54Vpc=",
        "owner": "tinted-theming",
        "repo": "base16-zed",
        "rev": "5768d08ed2e7944a26a958868cdb073cb8856dae",
        "type": "github"
      },
      "original": {
        "owner": "tinted-theming",
        "repo": "base16-zed",
        "type": "github"
      }
    },
    "treefmt-nix": {
      "inputs": {
        "nixpkgs": "nixpkgs_3"
      },
      "locked": {
        "lastModified": 1762410071,
        "narHash": "sha256-aF5fvoZeoXNPxT0bejFUBXeUjXfHLSL7g+mjR/p5TEg=",
        "owner": "numtide",
        "repo": "treefmt-nix",
        "rev": "97a30861b13c3731a84e09405414398fbf3e109f",
        "type": "github"
      },
      "original": {
        "owner": "numtide",
        "repo": "treefmt-nix",
        "type": "github"
      }
    },
    "xwayland-satellite-stable": {
      "flake": false,
      "locked": {
        "lastModified": 1755491097,
        "narHash": "sha256-m+9tUfsmBeF2Gn4HWa6vSITZ4Gz1eA1F5Kh62B0N4oE=",
        "owner": "Supreeeme",
        "repo": "xwayland-satellite",
        "rev": "388d291e82ffbc73be18169d39470f340707edaa",
        "type": "github"
      },
      "original": {
        "owner": "Supreeeme",
        "ref": "v0.7",
        "repo": "xwayland-satellite",
        "type": "github"
      }
    },
    "xwayland-satellite-unstable": {
      "flake": false,
      "locked": {
        "lastModified": 1779745227,
        "narHash": "sha256-yqY7RtEJGJiENzR0GwL6q69tSAy6xAAmAcLuIhLjPf8=",
        "owner": "Supreeeme",
        "repo": "xwayland-satellite",
        "rev": "5d1efbc9dc3ab1c10160b656e0247f3325daf0f2",
        "type": "github"
      },
      "original": {
        "owner": "Supreeeme",
        "repo": "xwayland-satellite",
        "type": "github"
      }
    }
  },
  "root": "root",
  "version": 7
}
